// !$*UTF8*$!
{
	archiveVersion = 1;
	classes = {
	};
	objectVersion = 46;
	objects = {

/* Begin PBXBuildFile section */
		760C4B4817A2B1E100C02582 /* UIKit.framework in Frameworks */ = {isa = PBXBuildFile; fileRef = 760C4B4717A2B1E100C02582 /* UIKit.framework */; };
		760C4B4A17A2B1E200C02582 /* Foundation.framework in Frameworks */ = {isa = PBXBuildFile; fileRef = 760C4B4917A2B1E100C02582 /* Foundation.framework */; };
		760C4B4C17A2B1E200C02582 /* CoreGraphics.framework in Frameworks */ = {isa = PBXBuildFile; fileRef = 760C4B4B17A2B1E200C02582 /* CoreGraphics.framework */; };
		760C4B5217A2B1E300C02582 /* InfoPlist.strings in Resources */ = {isa = PBXBuildFile; fileRef = 760C4B5017A2B1E300C02582 /* InfoPlist.strings */; };
		760C4B5417A2B1E300C02582 /* main.m in Sources */ = {isa = PBXBuildFile; fileRef = 760C4B5317A2B1E300C02582 /* main.m */; };
		760C4B5817A2B1E400C02582 /* XYZAppDelegate.m in Sources */ = {isa = PBXBuildFile; fileRef = 760C4B5717A2B1E400C02582 /* XYZAppDelegate.m */; };
		760C4B5B17A2B1E600C02582 /* XYZRootViewController.m in Sources */ = {isa = PBXBuildFile; fileRef = 760C4B5A17A2B1E600C02582 /* XYZRootViewController.m */; };
		760C4B5E17A2B1E800C02582 /* XYZDataViewController.m in Sources */ = {isa = PBXBuildFile; fileRef = 760C4B5D17A2B1E800C02582 /* XYZDataViewController.m */; };
		760C4B6117A2B1E900C02582 /* XYZModelController.m in Sources */ = {isa = PBXBuildFile; fileRef = 760C4B6017A2B1E900C02582 /* XYZModelController.m */; };
		760C4B6417A2B1EB00C02582 /* MainStoryboard_iPhone.storyboard in Resources */ = {isa = PBXBuildFile; fileRef = 760C4B6217A2B1EA00C02582 /* MainStoryboard_iPhone.storyboard */; };
		760C4B6717A2B1EC00C02582 /* MainStoryboard_iPad.storyboard in Resources */ = {isa = PBXBuildFile; fileRef = 760C4B6517A2B1EC00C02582 /* MainStoryboard_iPad.storyboard */; };
		760C4B6F17A2B1F700C02582 /* SenTestingKit.framework in Frameworks */ = {isa = PBXBuildFile; fileRef = 760C4B6E17A2B1F700C02582 /* SenTestingKit.framework */; };
		760C4B7017A2B1F700C02582 /* UIKit.framework in Frameworks */ = {isa = PBXBuildFile; fileRef = 760C4B4717A2B1E100C02582 /* UIKit.framework */; };
		760C4B7117A2B1F700C02582 /* Foundation.framework in Frameworks */ = {isa = PBXBuildFile; fileRef = 760C4B4917A2B1E100C02582 /* Foundation.framework */; };
		760C4B7917A2B1F800C02582 /* InfoPlist.strings in Resources */ = {isa = PBXBuildFile; fileRef = 760C4B7717A2B1F800C02582 /* InfoPlist.strings */; };
		760C4B7C17A2B1FB00C02582 /* Niss_xTests.m in Sources */ = {isa = PBXBuildFile; fileRef = 760C4B7B17A2B1FB00C02582 /* Niss_xTests.m */; };
/* End PBXBuildFile section */

/* Begin PBXContainerItemProxy section */
		760C4B7217A2B1F700C02582 /* PBXContainerItemProxy */ = {
			isa = PBXContainerItemProxy;
			containerPortal = 760C4B3A17A2B1DD00C02582 /* Project object */;
			proxyType = 1;
			remoteGlobalIDString = 760C4B4217A2B1DF00C02582;
			remoteInfo = "Niss-x";
		};
/* End PBXContainerItemProxy section */

/* Begin PBXFileReference section */
		760C4B4317A2B1E000C02582 /* Niss-x.app */ = {isa = PBXFileReference; explicitFileType = wrapper.application; includeInIndex = 0; path = "Niss-x.app"; sourceTree = BUILT_PRODUCTS_DIR; };
		760C4B4717A2B1E100C02582 /* UIKit.framework */ = {isa = PBXFileReference; lastKnownFileType = wrapper.framework; name = UIKit.framework; path = System/Library/Frameworks/UIKit.framework; sourceTree = SDKROOT; };
		760C4B4917A2B1E100C02582 /* Foundation.framework */ = {isa = PBXFileReference; lastKnownFileType = wrapper.framework; name = Foundation.framework; path = System/Library/Frameworks/Foundation.framework; sourceTree = SDKROOT; };
		760C4B4B17A2B1E200C02582 /* CoreGraphics.framework */ = {isa = PBXFileReference; lastKnownFileType = wrapper.framework; name = CoreGraphics.framework; path = System/Library/Frameworks/CoreGraphics.framework; sourceTree = SDKROOT; };
		760C4B4F17A2B1E200C02582 /* Niss-x-Info.plist */ = {isa = PBXFileReference; lastKnownFileType = text.plist.xml; path = "Niss-x-Info.plist"; sourceTree = "<group>"; };
		760C4B5117A2B1E300C02582 /* en */ = {isa = PBXFileReference; lastKnownFileType = text.plist.strings; name = en; path = en.lproj/InfoPlist.strings; sourceTree = "<group>"; };
		760C4B5317A2B1E300C02582 /* main.m */ = {isa = PBXFileReference; lastKnownFileType = sourcecode.c.objc; path = main.m; sourceTree = "<group>"; };
		760C4B5517A2B1E400C02582 /* Niss-x-Prefix.pch */ = {isa = PBXFileReference; lastKnownFileType = sourcecode.c.h; path = "Niss-x-Prefix.pch"; sourceTree = "<group>"; };
		760C4B5617A2B1E400C02582 /* XYZAppDelegate.h */ = {isa = PBXFileReference; lastKnownFileType = sourcecode.c.h; path = XYZAppDelegate.h; sourceTree = "<group>"; };
		760C4B5717A2B1E400C02582 /* XYZAppDelegate.m */ = {isa = PBXFileReference; lastKnownFileType = sourcecode.c.objc; path = XYZAppDelegate.m; sourceTree = "<group>"; };
		760C4B5917A2B1E500C02582 /* XYZRootViewController.h */ = {isa = PBXFileReference; lastKnownFileType = sourcecode.c.h; path = XYZRootViewController.h; sourceTree = "<group>"; };
		760C4B5A17A2B1E600C02582 /* XYZRootViewController.m */ = {isa = PBXFileReference; lastKnownFileType = sourcecode.c.objc; path = XYZRootViewController.m; sourceTree = "<group>"; };
		760C4B5C17A2B1E700C02582 /* XYZDataViewController.h */ = {isa = PBXFileReference; lastKnownFileType = sourcecode.c.h; path = XYZDataViewController.h; sourceTree = "<group>"; };
		760C4B5D17A2B1E800C02582 /* XYZDataViewController.m */ = {isa = PBXFileReference; lastKnownFileType = sourcecode.c.objc; path = XYZDataViewController.m; sourceTree = "<group>"; };
		760C4B5F17A2B1E800C02582 /* XYZModelController.h */ = {isa = PBXFileReference; lastKnownFileType = sourcecode.c.h; path = XYZModelController.h; sourceTree = "<group>"; };
		760C4B6017A2B1E900C02582 /* XYZModelController.m */ = {isa = PBXFileReference; lastKnownFileType = sourcecode.c.objc; path = XYZModelController.m; sourceTree = "<group>"; };
		760C4B6317A2B1EB00C02582 /* en */ = {isa = PBXFileReference; lastKnownFileType = file.storyboard; name = en; path = en.lproj/MainStoryboard_iPhone.storyboard; sourceTree = "<group>"; };
		760C4B6617A2B1EC00C02582 /* en */ = {isa = PBXFileReference; lastKnownFileType = file.storyboard; name = en; path = en.lproj/MainStoryboard_iPad.storyboard; sourceTree = "<group>"; };
		760C4B6D17A2B1F700C02582 /* Niss-xTests.octest */ = {isa = PBXFileReference; explicitFileType = wrapper.cfbundle; includeInIndex = 0; path = "Niss-xTests.octest"; sourceTree = BUILT_PRODUCTS_DIR; };
		760C4B6E17A2B1F700C02582 /* SenTestingKit.framework */ = {isa = PBXFileReference; lastKnownFileType = wrapper.framework; name = SenTestingKit.framework; path = Library/Frameworks/SenTestingKit.framework; sourceTree = DEVELOPER_DIR; };
		760C4B7617A2B1F800C02582 /* Niss-xTests-Info.plist */ = {isa = PBXFileReference; lastKnownFileType = text.plist.xml; path = "Niss-xTests-Info.plist"; sourceTree = "<group>"; };
		760C4B7817A2B1F800C02582 /* en */ = {isa = PBXFileReference; lastKnownFileType = text.plist.strings; name = en; path = en.lproj/InfoPlist.strings; sourceTree = "<group>"; };
		760C4B7A17A2B1FA00C02582 /* Niss_xTests.h */ = {isa = PBXFileReference; lastKnownFileType = sourcecode.c.h; path = Niss_xTests.h; sourceTree = "<group>"; };
		760C4B7B17A2B1FB00C02582 /* Niss_xTests.m */ = {isa = PBXFileReference; lastKnownFileType = sourcecode.c.objc; path = Niss_xTests.m; sourceTree = "<group>"; };
/* End PBXFileReference section */

/* Begin PBXFrameworksBuildPhase section */
		760C4B4017A2B1DF00C02582 /* Frameworks */ = {
			isa = PBXFrameworksBuildPhase;
			buildActionMask = 2147483647;
			files = (
				760C4B4817A2B1E100C02582 /* UIKit.framework in Frameworks */,
				760C4B4A17A2B1E200C02582 /* Foundation.framework in Frameworks */,
				760C4B4C17A2B1E200C02582 /* CoreGraphics.framework in Frameworks */,
			);
			runOnlyForDeploymentPostprocessing = 0;
		};
		760C4B6917A2B1F700C02582 /* Frameworks */ = {
			isa = PBXFrameworksBuildPhase;
			buildActionMask = 2147483647;
			files = (
				760C4B6F17A2B1F700C02582 /* SenTestingKit.framework in Frameworks */,
				760C4B7017A2B1F700C02582 /* UIKit.framework in Frameworks */,
				760C4B7117A2B1F700C02582 /* Foundation.framework in Frameworks */,
			);
			runOnlyForDeploymentPostprocessing = 0;
		};
/* End PBXFrameworksBuildPhase section */

/* Begin PBXGroup section */
		760C4B3817A2B1DC00C02582 = {
			isa = PBXGroup;
			children = (
				760C4B4D17A2B1E200C02582 /* Niss-x */,
				760C4B7417A2B1F700C02582 /* Niss-xTests */,
				760C4B4617A2B1E000C02582 /* Frameworks */,
				760C4B4417A2B1E000C02582 /* Products */,
			);
			sourceTree = "<group>";
		};
		760C4B4417A2B1E000C02582 /* Products */ = {
			isa = PBXGroup;
			children = (
				760C4B4317A2B1E000C02582 /* Niss-x.app */,
				760C4B6D17A2B1F700C02582 /* Niss-xTests.octest */,
			);
			name = Products;
			sourceTree = "<group>";
		};
		760C4B4617A2B1E000C02582 /* Frameworks */ = {
			isa = PBXGroup;
			children = (
				760C4B4717A2B1E100C02582 /* UIKit.framework */,
				760C4B4917A2B1E100C02582 /* Foundation.framework */,
				760C4B4B17A2B1E200C02582 /* CoreGraphics.framework */,
				760C4B6E17A2B1F700C02582 /* SenTestingKit.framework */,
			);
			name = Frameworks;
			sourceTree = "<group>";
		};
		760C4B4D17A2B1E200C02582 /* Niss-x */ = {
			isa = PBXGroup;
			children = (
				760C4B5617A2B1E400C02582 /* XYZAppDelegate.h */,
				760C4B5717A2B1E400C02582 /* XYZAppDelegate.m */,
				760C4B5917A2B1E500C02582 /* XYZRootViewController.h */,
				760C4B5A17A2B1E600C02582 /* XYZRootViewController.m */,
				760C4B5C17A2B1E700C02582 /* XYZDataViewController.h */,
				760C4B5D17A2B1E800C02582 /* XYZDataViewController.m */,
				760C4B5F17A2B1E800C02582 /* XYZModelController.h */,
				760C4B6017A2B1E900C02582 /* XYZModelController.m */,
				760C4B6217A2B1EA00C02582 /* MainStoryboard_iPhone.storyboard */,
				760C4B6517A2B1EC00C02582 /* MainStoryboard_iPad.storyboard */,
				760C4B4E17A2B1E200C02582 /* Supporting Files */,
			);
			path = "Niss-x";
			sourceTree = "<group>";
		};
		760C4B4E17A2B1E200C02582 /* Supporting Files */ = {
			isa = PBXGroup;
			children = (
				760C4B4F17A2B1E200C02582 /* Niss-x-Info.plist */,
				760C4B5017A2B1E300C02582 /* InfoPlist.strings */,
				760C4B5317A2B1E300C02582 /* main.m */,
				760C4B5517A2B1E400C02582 /* Niss-x-Prefix.pch */,
			);
			name = "Supporting Files";
			sourceTree = "<group>";
		};
		760C4B7417A2B1F700C02582 /* Niss-xTests */ = {
			isa = PBXGroup;
			children = (
				760C4B7A17A2B1FA00C02582 /* Niss_xTests.h */,
				760C4B7B17A2B1FB00C02582 /* Niss_xTests.m */,
				760C4B7517A2B1F800C02582 /* Supporting Files */,
			);
			path = "Niss-xTests";
			sourceTree = "<group>";
		};
		760C4B7517A2B1F800C02582 /* Supporting Files */ = {
			isa = PBXGroup;
			children = (
				760C4B7617A2B1F800C02582 /* Niss-xTests-Info.plist */,
				760C4B7717A2B1F800C02582 /* InfoPlist.strings */,
			);
			name = "Supporting Files";
			sourceTree = "<group>";
		};
/* End PBXGroup section */

/* Begin PBXNativeTarget section */
		760C4B4217A2B1DF00C02582 /* Niss-x */ = {
			isa = PBXNativeTarget;
			buildConfigurationList = 760C4B7F17A2B1FC00C02582 /* Build configuration list for PBXNativeTarget "Niss-x" */;
			buildPhases = (
				760C4B3F17A2B1DF00C02582 /* Sources */,
				760C4B4017A2B1DF00C02582 /* Frameworks */,
				760C4B4117A2B1DF00C02582 /* Resources */,
			);
			buildRules = (
			);
			dependencies = (
			);
			name = "Niss-x";
			productName = "Niss-x";
			productReference = 760C4B4317A2B1E000C02582 /* Niss-x.app */;
			productType = "com.apple.product-type.application";
		};
		760C4B6C17A2B1F700C02582 /* Niss-xTests */ = {
			isa = PBXNativeTarget;
			buildConfigurationList = 760C4B8217A2B1FC00C02582 /* Build configuration list for PBXNativeTarget "Niss-xTests" */;
			buildPhases = (
				760C4B6817A2B1F700C02582 /* Sources */,
				760C4B6917A2B1F700C02582 /* Frameworks */,
				760C4B6A17A2B1F700C02582 /* Resources */,
				760C4B6B17A2B1F700C02582 /* ShellScript */,
			);
			buildRules = (
			);
			dependencies = (
				760C4B7317A2B1F700C02582 /* PBXTargetDependency */,
			);
			name = "Niss-xTests";
			productName = "Niss-xTests";
			productReference = 760C4B6D17A2B1F700C02582 /* Niss-xTests.octest */;
			productType = "com.apple.product-type.bundle";
		};
/* End PBXNativeTarget section */

/* Begin PBXProject section */
		760C4B3A17A2B1DD00C02582 /* Project object */ = {
			isa = PBXProject;
			attributes = {
				CLASSPREFIX = XYZ;
				LastUpgradeCheck = 0450;
				ORGANIZATIONNAME = NiSS;
			};
			buildConfigurationList = 760C4B3D17A2B1DD00C02582 /* Build configuration list for PBXProject "Niss-x" */;
			compatibilityVersion = "Xcode 3.2";
			developmentRegion = English;
			hasScannedForEncodings = 0;
			knownRegions = (
				en,
			);
			mainGroup = 760C4B3817A2B1DC00C02582;
			productRefGroup = 760C4B4417A2B1E000C02582 /* Products */;
			projectDirPath = "";
			projectRoot = "";
			targets = (
				760C4B4217A2B1DF00C02582 /* Niss-x */,
				760C4B6C17A2B1F700C02582 /* Niss-xTests */,
			);
		};
/* End PBXProject section */

/* Begin PBXResourcesBuildPhase section */
		760C4B4117A2B1DF00C02582 /* Resources */ = {
			isa = PBXResourcesBuildPhase;
			buildActionMask = 2147483647;
			files = (
				760C4B5217A2B1E300C02582 /* InfoPlist.strings in Resources */,
				760C4B6417A2B1EB00C02582 /* MainStoryboard_iPhone.storyboard in Resources */,
				760C4B6717A2B1EC00C02582 /* MainStoryboard_iPad.storyboard in Resources */,
			);
			runOnlyForDeploymentPostprocessing = 0;
		};
		760C4B6A17A2B1F700C02582 /* Resources */ = {
			isa = PBXResourcesBuildPhase;
			buildActionMask = 2147483647;
			files = (
				760C4B7917A2B1F800C02582 /* InfoPlist.strings in Resources */,
			);
			runOnlyForDeploymentPostprocessing = 0;
		};
/* End PBXResourcesBuildPhase section */

/* Begin PBXShellScriptBuildPhase section */
		760C4B6B17A2B1F700C02582 /* ShellScript */ = {
			isa = PBXShellScriptBuildPhase;
			buildActionMask = 2147483647;
			files = (
			);
			inputPaths = (
			);
			outputPaths = (
			);
			runOnlyForDeploymentPostprocessing = 0;
			shellPath = /bin/sh;
			shellScript = "# Run the unit tests in this test bundle.\n\"${SYSTEM_DEVELOPER_DIR}/Tools/RunUnitTests\"\n";
		};
/* End PBXShellScriptBuildPhase section */

/* Begin PBXSourcesBuildPhase section */
		760C4B3F17A2B1DF00C02582 /* Sources */ = {
			isa = PBXSourcesBuildPhase;
			buildActionMask = 2147483647;
			files = (
				760C4B5417A2B1E300C02582 /* main.m in Sources */,
				760C4B5817A2B1E400C02582 /* XYZAppDelegate.m in Sources */,
				760C4B5B17A2B1E600C02582 /* XYZRootViewController.m in Sources */,
				760C4B5E17A2B1E800C02582 /* XYZDataViewController.m in Sources */,
				760C4B6117A2B1E900C02582 /* XYZModelController.m in Sources */,
			);
			runOnlyForDeploymentPostprocessing = 0;
		};
		760C4B6817A2B1F700C02582 /* Sources */ = {
			isa = PBXSourcesBuildPhase;
			buildActionMask = 2147483647;
			files = (
				760C4B7C17A2B1FB00C02582 /* Niss_xTests.m in Sources */,
			);
			runOnlyForDeploymentPostprocessing = 0;
		};
/* End PBXSourcesBuildPhase section */

/* Begin PBXTargetDependency section */
		760C4B7317A2B1F700C02582 /* PBXTargetDependency */ = {
			isa = PBXTargetDependency;
			target = 760C4B4217A2B1DF00C02582 /* Niss-x */;
			targetProxy = 760C4B7217A2B1F700C02582 /* PBXContainerItemProxy */;
		};
/* End PBXTargetDependency section */

/* Begin PBXVariantGroup section */
		760C4B5017A2B1E300C02582 /* InfoPlist.strings */ = {
			isa = PBXVariantGroup;
			children = (
				760C4B5117A2B1E300C02582 /* en */,
			);
			name = InfoPlist.strings;
			sourceTree = "<group>";
		};
		760C4B6217A2B1EA00C02582 /* MainStoryboard_iPhone.storyboard */ = {
			isa = PBXVariantGroup;
			children = (
				760C4B6317A2B1EB00C02582 /* en */,
			);
			name = MainStoryboard_iPhone.storyboard;
			sourceTree = "<group>";
		};
		760C4B6517A2B1EC00C02582 /* MainStoryboard_iPad.storyboard */ = {
			isa = PBXVariantGroup;
			children = (
				760C4B6617A2B1EC00C02582 /* en */,
			);
			name = MainStoryboard_iPad.storyboard;
			sourceTree = "<group>";
		};
		760C4B7717A2B1F800C02582 /* InfoPlist.strings */ = {
			isa = PBXVariantGroup;
			children = (
				760C4B7817A2B1F800C02582 /* en */,
			);
			name = InfoPlist.strings;
			sourceTree = "<group>";
		};
/* End PBXVariantGroup section */

/* Begin XCBuildConfiguration section */
		760C4B7D17A2B1FB00C02582 /* Debug */ = {
			isa = XCBuildConfiguration;
			buildSettings = {
				ALWAYS_SEARCH_USER_PATHS = NO;
				CLANG_CXX_LANGUAGE_STANDARD = "gnu++0x";
				CLANG_ENABLE_OBJC_ARC = YES;
				CLANG_WARN__DUPLICATE_METHOD_MATCH = YES;
				"CODE_SIGN_IDENTITY[sdk=iphoneos*]" = "iPhone Developer";
				COPY_PHASE_STRIP = NO;
				GCC_C_LANGUAGE_STANDARD = gnu99;
				GCC_DYNAMIC_NO_PIC = NO;
				GCC_OPTIMIZATION_LEVEL = 0;
				GCC_PREPROCESSOR_DEFINITIONS = (
					"DEBUG=1",
					"$(inherited)",
				);
				GCC_SYMBOLS_PRIVATE_EXTERN = NO;
				GCC_WARN_ABOUT_RETURN_TYPE = YES;
				GCC_WARN_UNINITIALIZED_AUTOS = YES;
				GCC_WARN_UNUSED_VARIABLE = YES;
				IPHONEOS_DEPLOYMENT_TARGET = 6.0;
				SDKROOT = iphoneos;
				TARGETED_DEVICE_FAMILY = "1,2";
			};
			name = Debug;
		};
		760C4B7E17A2B1FB00C02582 /* Release */ = {
			isa = XCBuildConfiguration;
			buildSettings = {
				ALWAYS_SEARCH_USER_PATHS = NO;
				CLANG_CXX_LANGUAGE_STANDARD = "gnu++0x";
				CLANG_ENABLE_OBJC_ARC = YES;
				CLANG_WARN__DUPLICATE_METHOD_MATCH = YES;
				"CODE_SIGN_IDENTITY[sdk=iphoneos*]" = "iPhone Developer";
				COPY_PHASE_STRIP = YES;
				GCC_C_LANGUAGE_STANDARD = gnu99;
				GCC_WARN_ABOUT_RETURN_TYPE = YES;
				GCC_WARN_UNINITIALIZED_AUTOS = YES;
				GCC_WARN_UNUSED_VARIABLE = YES;
				IPHONEOS_DEPLOYMENT_TARGET = 6.0;
				OTHER_CFLAGS = "-DNS_BLOCK_ASSERTIONS=1";
				SDKROOT = iphoneos;
				TARGETED_DEVICE_FAMILY = "1,2";
				VALIDATE_PRODUCT = YES;
			};
			name = Release;
		};
		760C4B8017A2B1FC00C02582 /* Debug */ = {
			isa = XCBuildConfiguration;
			buildSettings = {
				GCC_PRECOMPILE_PREFIX_HEADER = YES;
				GCC_PREFIX_HEADER = "Niss-x/Niss-x-Prefix.pch";
				INFOPLIST_FILE = "Niss-x/Niss-x-Info.plist";
				PRODUCT_NAME = "$(TARGET_NAME)";
				WRAPPER_EXTENSION = app;
			};
			name = Debug;
		};
		760C4B8117A2B1FC00C02582 /* Release */ = {
			isa = XCBuildConfiguration;
			buildSettings = {
				GCC_PRECOMPILE_PREFIX_HEADER = YES;
				GCC_PREFIX_HEADER = "Niss-x/Niss-x-Prefix.pch";
				INFOPLIST_FILE = "Niss-x/Niss-x-Info.plist";
				PRODUCT_NAME = "$(TARGET_NAME)";
				WRAPPER_EXTENSION = app;
			};
			name = Release;
		};
		760C4B8317A2B1FC00C02582 /* Debug */ = {
			isa = XCBuildConfiguration;
			buildSettings = {
				BUNDLE_LOADER = "$(BUILT_PRODUCTS_DIR)/Niss-x.app/Niss-x";
				FRAMEWORK_SEARCH_PATHS = (
					"\"$(SDKROOT)/Developer/Library/Frameworks\"",
					"\"$(DEVELOPER_LIBRARY_DIR)/Frameworks\"",
				);
				GCC_PRECOMPILE_PREFIX_HEADER = YES;
				GCC_PREFIX_HEADER = "Niss-x/Niss-x-Prefix.pch";
				INFOPLIST_FILE = "Niss-xTests/Niss-xTests-Info.plist";
				PRODUCT_NAME = "$(TARGET_NAME)";
				TEST_HOST = "$(BUNDLE_LOADER)";
				WRAPPER_EXTENSION = octest;
			};
			name = Debug;
		};
		760C4B8417A2B1FC00C02582 /* Release */ = {
			isa = XCBuildConfiguration;
			buildSettings = {
				BUNDLE_LOADER = "$(BUILT_PRODUCTS_DIR)/Niss-x.app/Niss-x";
				FRAMEWORK_SEARCH_PATHS = (
					"\"$(SDKROOT)/Developer/Library/Frameworks\"",
					"\"$(DEVELOPER_LIBRARY_DIR)/Frameworks\"",
				);
				GCC_PRECOMPILE_PREFIX_HEADER = YES;
				GCC_PREFIX_HEADER = "Niss-x/Niss-x-Prefix.pch";
				INFOPLIST_FILE = "Niss-xTests/Niss-xTests-Info.plist";
				PRODUCT_NAME = "$(TARGET_NAME)";
				TEST_HOST = "$(BUNDLE_LOADER)";
				WRAPPER_EXTENSION = octest;
			};
			name = Release;
		};
/* End XCBuildConfiguration section */

/* Begin XCConfigurationList section */
		760C4B3D17A2B1DD00C02582 /* Build configuration list for PBXProject "Niss-x" */ = {
			isa = XCConfigurationList;
			buildConfigurations = (
				760C4B7D17A2B1FB00C02582 /* Debug */,
				760C4B7E17A2B1FB00C02582 /* Release */,
			);
			defaultConfigurationIsVisible = 0;
			defaultConfigurationName = Release;
		};
		760C4B7F17A2B1FC00C02582 /* Build configuration list for PBXNativeTarget "Niss-x" */ = {
			isa = XCConfigurationList;
			buildConfigurations = (
				760C4B8017A2B1FC00C02582 /* Debug */,
				760C4B8117A2B1FC00C02582 /* Release */,
			);
			defaultConfigurationIsVisible = 0;
		};
		760C4B8217A2B1FC00C02582 /* Build configuration list for PBXNativeTarget "Niss-xTests" */ = {
			isa = XCConfigurationList;
			buildConfigurations = (
				760C4B8317A2B1FC00C02582 /* Debug */,
				760C4B8417A2B1FC00C02582 /* Release */,
			);
			defaultConfigurationIsVisible = 0;
		};
/* End XCConfigurationList section */
	};
	rootObject = 760C4B3A17A2B1DD00C02582 /* Project object */;
}
